// !$*UTF8*$!
{
	archiveVersion = 1;
	classes = {
	};
	objectVersion = 56;
	objects = {

/* Begin PBXBuildFile section */
		A037F59D2C7BA51E00B4E87A /* AppDelegate.swift in Sources */ = {isa = PBXBuildFile; fileRef = A037F59C2C7BA51E00B4E87A /* AppDelegate.swift */; };
		A037F59F2C7BA51E00B4E87A /* SceneDelegate.swift in Sources */ = {isa = PBXBuildFile; fileRef = A037F59E2C7BA51E00B4E87A /* SceneDelegate.swift */; };
		A037F5A62C7BA52100B4E87A /* Assets.xcassets in Resources */ = {isa = PBXBuildFile; fileRef = A037F5A52C7BA52100B4E87A /* Assets.xcassets */; };
		A037F5A92C7BA52200B4E87A /* Base in Resources */ = {isa = PBXBuildFile; fileRef = A037F5A82C7BA52200B4E87A /* Base */; };
		A037F5B42C7BB1C200B4E87A /* SettingsView.swift in Sources */ = {isa = PBXBuildFile; fileRef = A037F5B32C7BB1C200B4E87A /* SettingsView.swift */; };
		A037F5B62C7BB1CF00B4E87A /* SettingsViewController.swift in Sources */ = {isa = PBXBuildFile; fileRef = A037F5B52C7BB1CF00B4E87A /* SettingsViewController.swift */; };
		A037F5B82C7BB1DF00B4E87A /* SettingsViewModel.swift in Sources */ = {isa = PBXBuildFile; fileRef = A037F5B72C7BB1DF00B4E87A /* SettingsViewModel.swift */; };
		A037F5BA2C7BB1EA00B4E87A /* SettingsViewModeling.swift in Sources */ = {isa = PBXBuildFile; fileRef = A037F5B92C7BB1EA00B4E87A /* SettingsViewModeling.swift */; };
		A037F5BD2C7C65E000B4E87A /* Array+Extension.swift in Sources */ = {isa = PBXBuildFile; fileRef = A037F5BC2C7C65E000B4E87A /* Array+Extension.swift */; };
		A037F5C02C7C69AA00B4E87A /* Dynamic.swift in Sources */ = {isa = PBXBuildFile; fileRef = A037F5BF2C7C69AA00B4E87A /* Dynamic.swift */; };
/* End PBXBuildFile section */

/* Begin PBXFileReference section */
		A037F5992C7BA51E00B4E87A /* TestApp.app */ = {isa = PBXFileReference; explicitFileType = wrapper.application; includeInIndex = 0; path = TestApp.app; sourceTree = BUILT_PRODUCTS_DIR; };
		A037F59C2C7BA51E00B4E87A /* AppDelegate.swift */ = {isa = PBXFileReference; lastKnownFileType = sourcecode.swift; path = AppDelegate.swift; sourceTree = "<group>"; };
		A037F59E2C7BA51E00B4E87A /* SceneDelegate.swift */ = {isa = PBXFileReference; lastKnownFileType = sourcecode.swift; path = SceneDelegate.swift; sourceTree = "<group>"; };
		A037F5A52C7BA52100B4E87A /* Assets.xcassets */ = {isa = PBXFileReference; lastKnownFileType = folder.assetcatalog; path = Assets.xcassets; sourceTree = "<group>"; };
		A037F5A82C7BA52200B4E87A /* Base */ = {isa = PBXFileReference; lastKnownFileType = file.storyboard; name = Base; path = Base.lproj/LaunchScreen.storyboard; sourceTree = "<group>"; };
		A037F5AA2C7BA52200B4E87A /* Info.plist */ = {isa = PBXFileReference; lastKnownFileType = text.plist.xml; path = Info.plist; sourceTree = "<group>"; };
		A037F5B32C7BB1C200B4E87A /* SettingsView.swift */ = {isa = PBXFileReference; lastKnownFileType = sourcecode.swift; path = SettingsView.swift; sourceTree = "<group>"; };
		A037F5B52C7BB1CF00B4E87A /* SettingsViewController.swift */ = {isa = PBXFileReference; lastKnownFileType = sourcecode.swift; path = SettingsViewController.swift; sourceTree = "<group>"; };
		A037F5B72C7BB1DF00B4E87A /* SettingsViewModel.swift */ = {isa = PBXFileReference; lastKnownFileType = sourcecode.swift; path = SettingsViewModel.swift; sourceTree = "<group>"; };
		A037F5B92C7BB1EA00B4E87A /* SettingsViewModeling.swift */ = {isa = PBXFileReference; lastKnownFileType = sourcecode.swift; path = SettingsViewModeling.swift; sourceTree = "<group>"; };
		A037F5BC2C7C65E000B4E87A /* Array+Extension.swift */ = {isa = PBXFileReference; lastKnownFileType = sourcecode.swift; path = "Array+Extension.swift"; sourceTree = "<group>"; };
		A037F5BF2C7C69AA00B4E87A /* Dynamic.swift */ = {isa = PBXFileReference; lastKnownFileType = sourcecode.swift; path = Dynamic.swift; sourceTree = "<group>"; };
/* End PBXFileReference section */

/* Begin PBXFrameworksBuildPhase section */
		A037F5962C7BA51E00B4E87A /* Frameworks */ = {
			isa = PBXFrameworksBuildPhase;
			buildActionMask = 2147483647;
			files = (
			);
			runOnlyForDeploymentPostprocessing = 0;
		};
/* End PBXFrameworksBuildPhase section */

/* Begin PBXGroup section */
		A037F5902C7BA51E00B4E87A = {
			isa = PBXGroup;
			children = (
				A037F59B2C7BA51E00B4E87A /* TestApp */,
				A037F59A2C7BA51E00B4E87A /* Products */,
			);
			sourceTree = "<group>";
		};
		A037F59A2C7BA51E00B4E87A /* Products */ = {
			isa = PBXGroup;
			children = (
				A037F5992C7BA51E00B4E87A /* TestApp.app */,
			);
			name = Products;
			sourceTree = "<group>";
		};
		A037F59B2C7BA51E00B4E87A /* TestApp */ = {
			isa = PBXGroup;
			children = (
				A037F59C2C7BA51E00B4E87A /* AppDelegate.swift */,
				A037F59E2C7BA51E00B4E87A /* SceneDelegate.swift */,
				A037F5B22C7BB1A800B4E87A /* SettingsViewController */,
				A037F5BB2C7C65C400B4E87A /* Extensions */,
				A037F5BE2C7C699D00B4E87A /* Helpers */,
				A037F5A52C7BA52100B4E87A /* Assets.xcassets */,
				A037F5A72C7BA52200B4E87A /* LaunchScreen.storyboard */,
				A037F5AA2C7BA52200B4E87A /* Info.plist */,
			);
			path = TestApp;
			sourceTree = "<group>";
		};
		A037F5B22C7BB1A800B4E87A /* SettingsViewController */ = {
			isa = PBXGroup;
			children = (
				A037F5B32C7BB1C200B4E87A /* SettingsView.swift */,
				A037F5B52C7BB1CF00B4E87A /* SettingsViewController.swift */,
				A037F5B72C7BB1DF00B4E87A /* SettingsViewModel.swift */,
				A037F5B92C7BB1EA00B4E87A /* SettingsViewModeling.swift */,
			);
			path = SettingsViewController;
			sourceTree = "<group>";
		};
		A037F5BB2C7C65C400B4E87A /* Extensions */ = {
			isa = PBXGroup;
			children = (
				A037F5BC2C7C65E000B4E87A /* Array+Extension.swift */,
			);
			path = Extensions;
			sourceTree = "<group>";
		};
		A037F5BE2C7C699D00B4E87A /* Helpers */ = {
			isa = PBXGroup;
			children = (
				A037F5BF2C7C69AA00B4E87A /* Dynamic.swift */,
			);
			path = Helpers;
			sourceTree = "<group>";
		};
/* End PBXGroup section */

/* Begin PBXNativeTarget section */
		A037F5982C7BA51E00B4E87A /* TestApp */ = {
			isa = PBXNativeTarget;
			buildConfigurationList = A037F5AD2C7BA52200B4E87A /* Build configuration list for PBXNativeTarget "TestApp" */;
			buildPhases = (
				A037F5952C7BA51E00B4E87A /* Sources */,
				A037F5962C7BA51E00B4E87A /* Frameworks */,
				A037F5972C7BA51E00B4E87A /* Resources */,
			);
			buildRules = (
			);
			dependencies = (
			);
			name = TestApp;
			productName = TestApp;
			productReference = A037F5992C7BA51E00B4E87A /* TestApp.app */;
			productType = "com.apple.product-type.application";
		};
/* End PBXNativeTarget section */

/* Begin PBXProject section */
		A037F5912C7BA51E00B4E87A /* Project object */ = {
			isa = PBXProject;
			attributes = {
				BuildIndependentTargetsInParallel = 1;
				LastSwiftUpdateCheck = 1530;
				LastUpgradeCheck = 1530;
				TargetAttributes = {
					A037F5982C7BA51E00B4E87A = {
						CreatedOnToolsVersion = 15.3;
					};
				};
			};
			buildConfigurationList = A037F5942C7BA51E00B4E87A /* Build configuration list for PBXProject "TestApp" */;
			compatibilityVersion = "Xcode 14.0";
			developmentRegion = en;
			hasScannedForEncodings = 0;
			knownRegions = (
				en,
				Base,
			);
			mainGroup = A037F5902C7BA51E00B4E87A;
			productRefGroup = A037F59A2C7BA51E00B4E87A /* Products */;
			projectDirPath = "";
			projectRoot = "";
			targets = (
				A037F5982C7BA51E00B4E87A /* TestApp */,
			);
		};
/* End PBXProject section */

/* Begin PBXResourcesBuildPhase section */
		A037F5972C7BA51E00B4E87A /* Resources */ = {
			isa = PBXResourcesBuildPhase;
			buildActionMask = 2147483647;
			files = (
				A037F5A62C7BA52100B4E87A /* Assets.xcassets in Resources */,
				A037F5A92C7BA52200B4E87A /* Base in Resources */,
			);
			runOnlyForDeploymentPostprocessing = 0;
		};
/* End PBXResourcesBuildPhase section */

/* Begin PBXSourcesBuildPhase section */
		A037F5952C7BA51E00B4E87A /* Sources */ = {
			isa = PBXSourcesBuildPhase;
			buildActionMask = 2147483647;
			files = (
				A037F5BA2C7BB1EA00B4E87A /* SettingsViewModeling.swift in Sources */,
				A037F5B82C7BB1DF00B4E87A /* SettingsViewModel.swift in Sources */,
				A037F5B42C7BB1C200B4E87A /* SettingsView.swift in Sources */,
				A037F59D2C7BA51E00B4E87A /* AppDelegate.swift in Sources */,
				A037F5BD2C7C65E000B4E87A /* Array+Extension.swift in Sources */,
				A037F5C02C7C69AA00B4E87A /* Dynamic.swift in Sources */,
				A037F59F2C7BA51E00B4E87A /* SceneDelegate.swift in Sources */,
				A037F5B62C7BB1CF00B4E87A /* SettingsViewController.swift in Sources */,
			);
			runOnlyForDeploymentPostprocessing = 0;
		};
/* End PBXSourcesBuildPhase section */

/* Begin PBXVariantGroup section */
		A037F5A72C7BA52200B4E87A /* LaunchScreen.storyboard */ = {
			isa = PBXVariantGroup;
			children = (
				A037F5A82C7BA52200B4E87A /* Base */,
			);
			name = LaunchScreen.storyboard;
			sourceTree = "<group>";
		};
/* End PBXVariantGroup section */

/* Begin XCBuildConfiguration section */
		A037F5AB2C7BA52200B4E87A /* Debug */ = {
			isa = XCBuildConfiguration;
			buildSettings = {
				ALWAYS_SEARCH_USER_PATHS = NO;
				ASSETCATALOG_COMPILER_GENERATE_SWIFT_ASSET_SYMBOL_EXTENSIONS = YES;
				CLANG_ANALYZER_NONNULL = YES;
				CLANG_ANALYZER_NUMBER_OBJECT_CONVERSION = YES_AGGRESSIVE;
				CLANG_CXX_LANGUAGE_STANDARD = "gnu++20";
				CLANG_ENABLE_MODULES = YES;
				CLANG_ENABLE_OBJC_ARC = YES;
				CLANG_ENABLE_OBJC_WEAK = YES;
				CLANG_WARN_BLOCK_CAPTURE_AUTORELEASING = YES;
				CLANG_WARN_BOOL_CONVERSION = YES;
				CLANG_WARN_COMMA = YES;
				CLANG_WARN_CONSTANT_CONVERSION = YES;
				CLANG_WARN_DEPRECATED_OBJC_IMPLEMENTATIONS = YES;
				CLANG_WARN_DIRECT_OBJC_ISA_USAGE = YES_ERROR;
				CLANG_WARN_DOCUMENTATION_COMMENTS = YES;
				CLANG_WARN_EMPTY_BODY = YES;
				CLANG_WARN_ENUM_CONVERSION = YES;
				CLANG_WARN_INFINITE_RECURSION = YES;
				CLANG_WARN_INT_CONVERSION = YES;
				CLANG_WARN_NON_LITERAL_NULL_CONVERSION = YES;
				CLANG_WARN_OBJC_IMPLICIT_RETAIN_SELF = YES;
				CLANG_WARN_OBJC_LITERAL_CONVERSION = YES;
				CLANG_WARN_OBJC_ROOT_CLASS = YES_ERROR;
				CLANG_WARN_QUOTED_INCLUDE_IN_FRAMEWORK_HEADER = YES;
				CLANG_WARN_RANGE_LOOP_ANALYSIS = YES;
				CLANG_WARN_STRICT_PROTOTYPES = YES;
				CLANG_WARN_SUSPICIOUS_MOVE = YES;
				CLANG_WARN_UNGUARDED_AVAILABILITY = YES_AGGRESSIVE;
				CLANG_WARN_UNREACHABLE_CODE = YES;
				CLANG_WARN__DUPLICATE_METHOD_MATCH = YES;
				COPY_PHASE_STRIP = NO;
				DEBUG_INFORMATION_FORMAT = dwarf;
				ENABLE_STRICT_OBJC_MSGSEND = YES;
				ENABLE_TESTABILITY = YES;
				ENABLE_USER_SCRIPT_SANDBOXING = YES;
				GCC_C_LANGUAGE_STANDARD = gnu17;
				GCC_DYNAMIC_NO_PIC = NO;
				GCC_NO_COMMON_BLOCKS = YES;
				GCC_OPTIMIZATION_LEVEL = 0;
				GCC_PREPROCESSOR_DEFINITIONS = (
					"DEBUG=1",
					"$(inherited)",
				);
				GCC_WARN_64_TO_32_BIT_CONVERSION = YES;
				GCC_WARN_ABOUT_RETURN_TYPE = YES_ERROR;
				GCC_WARN_UNDECLARED_SELECTOR = YES;
				GCC_WARN_UNINITIALIZED_AUTOS = YES_AGGRESSIVE;
				GCC_WARN_UNUSED_FUNCTION = YES;
				GCC_WARN_UNUSED_VARIABLE = YES;
				IPHONEOS_DEPLOYMENT_TARGET = 17.4;
				LOCALIZATION_PREFERS_STRING_CATALOGS = YES;
				MTL_ENABLE_DEBUG_INFO = INCLUDE_SOURCE;
				MTL_FAST_MATH = YES;
				ONLY_ACTIVE_ARCH = YES;
				SDKROOT = iphoneos;
				SWIFT_ACTIVE_COMPILATION_CONDITIONS = "DEBUG $(inherited)";
				SWIFT_OPTIMIZATION_LEVEL = "-Onone";
			};
			name = Debug;
		};
		A037F5AC2C7BA52200B4E87A /* Release */ = {
			isa = XCBuildConfiguration;
			buildSettings = {
				ALWAYS_SEARCH_USER_PATHS = NO;
				ASSETCATALOG_COMPILER_GENERATE_SWIFT_ASSET_SYMBOL_EXTENSIONS = YES;
				CLANG_ANALYZER_NONNULL = YES;
				CLANG_ANALYZER_NUMBER_OBJECT_CONVERSION = YES_AGGRESSIVE;
				CLANG_CXX_LANGUAGE_STANDARD = "gnu++20";
				CLANG_ENABLE_MODULES = YES;
				CLANG_ENABLE_OBJC_ARC = YES;
				CLANG_ENABLE_OBJC_WEAK = YES;
				CLANG_WARN_BLOCK_CAPTURE_AUTORELEASING = YES;
				CLANG_WARN_BOOL_CONVERSION = YES;
				CLANG_WARN_COMMA = YES;
				CLANG_WARN_CONSTANT_CONVERSION = YES;
				CLANG_WARN_DEPRECATED_OBJC_IMPLEMENTATIONS = YES;
				CLANG_WARN_DIRECT_OBJC_ISA_USAGE = YES_ERROR;
				CLANG_WARN_DOCUMENTATION_COMMENTS = YES;
				CLANG_WARN_EMPTY_BODY = YES;
				CLANG_WARN_ENUM_CONVERSION = YES;
				CLANG_WARN_INFINITE_RECURSION = YES;
				CLANG_WARN_INT_CONVERSION = YES;
				CLANG_WARN_NON_LITERAL_NULL_CONVERSION = YES;
				CLANG_WARN_OBJC_IMPLICIT_RETAIN_SELF = YES;
				CLANG_WARN_OBJC_LITERAL_CONVERSION = YES;
				CLANG_WARN_OBJC_ROOT_CLASS = YES_ERROR;
				CLANG_WARN_QUOTED_INCLUDE_IN_FRAMEWORK_HEADER = YES;
				CLANG_WARN_RANGE_LOOP_ANALYSIS = YES;
				CLANG_WARN_STRICT_PROTOTYPES = YES;
				CLANG_WARN_SUSPICIOUS_MOVE = YES;
				CLANG_WARN_UNGUARDED_AVAILABILITY = YES_AGGRESSIVE;
				CLANG_WARN_UNREACHABLE_CODE = YES;
				CLANG_WARN__DUPLICATE_METHOD_MATCH = YES;
				COPY_PHASE_STRIP = NO;
				DEBUG_INFORMATION_FORMAT = "dwarf-with-dsym";
				ENABLE_NS_ASSERTIONS = NO;
				ENABLE_STRICT_OBJC_MSGSEND = YES;
				ENABLE_USER_SCRIPT_SANDBOXING = YES;
				GCC_C_LANGUAGE_STANDARD = gnu17;
				GCC_NO_COMMON_BLOCKS = YES;
				GCC_WARN_64_TO_32_BIT_CONVERSION = YES;
				GCC_WARN_ABOUT_RETURN_TYPE = YES_ERROR;
				GCC_WARN_UNDECLARED_SELECTOR = YES;
				GCC_WARN_UNINITIALIZED_AUTOS = YES_AGGRESSIVE;
				GCC_WARN_UNUSED_FUNCTION = YES;
				GCC_WARN_UNUSED_VARIABLE = YES;
				IPHONEOS_DEPLOYMENT_TARGET = 17.4;
				LOCALIZATION_PREFERS_STRING_CATALOGS = YES;
				MTL_ENABLE_DEBUG_INFO = NO;
				MTL_FAST_MATH = YES;
				SDKROOT = iphoneos;
				SWIFT_COMPILATION_MODE = wholemodule;
				VALIDATE_PRODUCT = YES;
			};
			name = Release;
		};
		A037F5AE2C7BA52200B4E87A /* Debug */ = {
			isa = XCBuildConfiguration;
			buildSettings = {
				ASSETCATALOG_COMPILER_APPICON_NAME = AppIcon;
				ASSETCATALOG_COMPILER_GLOBAL_ACCENT_COLOR_NAME = AccentColor;
				CODE_SIGN_STYLE = Automatic;
				CURRENT_PROJECT_VERSION = 1;
				DEVELOPMENT_TEAM = 9D4ANAM6R4;
				GENERATE_INFOPLIST_FILE = YES;
				INFOPLIST_FILE = TestApp/Info.plist;
				INFOPLIST_KEY_UIApplicationSupportsIndirectInputEvents = YES;
				INFOPLIST_KEY_UILaunchStoryboardName = LaunchScreen;
				INFOPLIST_KEY_UISupportedInterfaceOrientations_iPad = "UIInterfaceOrientationPortrait UIInterfaceOrientationPortraitUpsideDown UIInterfaceOrientationLandscapeLeft UIInterfaceOrientationLandscapeRight";
				INFOPLIST_KEY_UISupportedInterfaceOrientations_iPhone = "UIInterfaceOrientationPortrait UIInterfaceOrientationLandscapeLeft UIInterfaceOrientationLandscapeRight";
				LD_RUNPATH_SEARCH_PATHS = (
					"$(inherited)",
					"@executable_path/Frameworks",
				);
				MARKETING_VERSION = 1.0;
				PRODUCT_BUNDLE_IDENTIFIER = vladislavSimonov.TestApp;
				PRODUCT_NAME = "$(TARGET_NAME)";
				SWIFT_EMIT_LOC_STRINGS = YES;
				SWIFT_VERSION = 5.0;
				TARGETED_DEVICE_FAMILY = "1,2";
			};
			name = Debug;
		};
		A037F5AF2C7BA52200B4E87A /* Release */ = {
			isa = XCBuildConfiguration;
			buildSettings = {
				ASSETCATALOG_COMPILER_APPICON_NAME = AppIcon;
				ASSETCATALOG_COMPILER_GLOBAL_ACCENT_COLOR_NAME = AccentColor;
				CODE_SIGN_STYLE = Automatic;
				CURRENT_PROJECT_VERSION = 1;
				DEVELOPMENT_TEAM = 9D4ANAM6R4;
				GENERATE_INFOPLIST_FILE = YES;
				INFOPLIST_FILE = TestApp/Info.plist;
				INFOPLIST_KEY_UIApplicationSupportsIndirectInputEvents = YES;
				INFOPLIST_KEY_UILaunchStoryboardName = LaunchScreen;
				INFOPLIST_KEY_UISupportedInterfaceOrientations_iPad = "UIInterfaceOrientationPortrait UIInterfaceOrientationPortraitUpsideDown UIInterfaceOrientationLandscapeLeft UIInterfaceOrientationLandscapeRight";
				INFOPLIST_KEY_UISupportedInterfaceOrientations_iPhone = "UIInterfaceOrientationPortrait UIInterfaceOrientationLandscapeLeft UIInterfaceOrientationLandscapeRight";
				LD_RUNPATH_SEARCH_PATHS = (
					"$(inherited)",
					"@executable_path/Frameworks",
				);
				MARKETING_VERSION = 1.0;
				PRODUCT_BUNDLE_IDENTIFIER = vladislavSimonov.TestApp;
				PRODUCT_NAME = "$(TARGET_NAME)";
				SWIFT_EMIT_LOC_STRINGS = YES;
				SWIFT_VERSION = 5.0;
				TARGETED_DEVICE_FAMILY = "1,2";
			};
			name = Release;
		};
/* End XCBuildConfiguration section */

/* Begin XCConfigurationList section */
		A037F5942C7BA51E00B4E87A /* Build configuration list for PBXProject "TestApp" */ = {
			isa = XCConfigurationList;
			buildConfigurations = (
				A037F5AB2C7BA52200B4E87A /* Debug */,
				A037F5AC2C7BA52200B4E87A /* Release */,
			);
			defaultConfigurationIsVisible = 0;
			defaultConfigurationName = Release;
		};
		A037F5AD2C7BA52200B4E87A /* Build configuration list for PBXNativeTarget "TestApp" */ = {
			isa = XCConfigurationList;
			buildConfigurations = (
				A037F5AE2C7BA52200B4E87A /* Debug */,
				A037F5AF2C7BA52200B4E87A /* Release */,
			);
			defaultConfigurationIsVisible = 0;
			defaultConfigurationName = Release;
		};
/* End XCConfigurationList section */
	};
	rootObject = A037F5912C7BA51E00B4E87A /* Project object */;
}
